
Microsoft Visual Studio Solution File, Format Version 12.00
# Visual Studio Version 16
VisualStudioVersion = 16.0.31321.278
MinimumVisualStudioVersion = 10.0.40219.1
Project("{FAE04EC0-301F-11D3-BF4B-00C04F79EFBC}") = "JogoGourmet.Model", "JogoGourmet.Model\JogoGourmet.Model.csproj", "{65CCBAEB-70A2-4B3B-8087-AEDB6EF18E72}"
EndProject
Project("{FAE04EC0-301F-11D3-BF4B-00C04F79EFBC}") = "JogoGourmet.View", "JogoGourmet.View\JogoGourmet.View.csproj", "{8D545E4C-D92D-499B-AD4C-6BBD95FE46D5}"
EndProject
Project("{FAE04EC0-301F-11D3-BF4B-00C04F79EFBC}") = "JogoGourmet.Tests", "JogoGourmet.Tests\JogoGourmet.Tests.csproj", "{115D7EC4-E9E5-4DD8-B51E-A4E76328F15F}"
EndProject
Global
	GlobalSection(SolutionConfigurationPlatforms) = preSolution
		Debug|Any CPU = Debug|Any CPU
		Release|Any CPU = Release|Any CPU
	EndGlobalSection
	GlobalSection(ProjectConfigurationPlatforms) = postSolution
		{65CCBAEB-70A2-4B3B-8087-AEDB6EF18E72}.Debug|Any CPU.ActiveCfg = Debug|Any CPU
		{65CCBAEB-70A2-4B3B-8087-AEDB6EF18E72}.Debug|Any CPU.Build.0 = Debug|Any CPU
		{65CCBAEB-70A2-4B3B-8087-AEDB6EF18E72}.Release|Any CPU.ActiveCfg = Release|Any CPU
		{65CCBAEB-70A2-4B3B-8087-AEDB6EF18E72}.Release|Any CPU.Build.0 = Release|Any CPU
		{8D545E4C-D92D-499B-AD4C-6BBD95FE46D5}.Debug|Any CPU.ActiveCfg = Debug|Any CPU
		{8D545E4C-D92D-499B-AD4C-6BBD95FE46D5}.Debug|Any CPU.Build.0 = Debug|Any CPU
		{8D545E4C-D92D-499B-AD4C-6BBD95FE46D5}.Release|Any CPU.ActiveCfg = Release|Any CPU
		{8D545E4C-D92D-499B-AD4C-6BBD95FE46D5}.Release|Any CPU.Build.0 = Release|Any CPU
		{115D7EC4-E9E5-4DD8-B51E-A4E76328F15F}.Debug|Any CPU.ActiveCfg = Debug|Any CPU
		{115D7EC4-E9E5-4DD8-B51E-A4E76328F15F}.Debug|Any CPU.Build.0 = Debug|Any CPU
		{115D7EC4-E9E5-4DD8-B51E-A4E76328F15F}.Release|Any CPU.ActiveCfg = Release|Any CPU
		{115D7EC4-E9E5-4DD8-B51E-A4E76328F15F}.Release|Any CPU.Build.0 = Release|Any CPU
	EndGlobalSection
	GlobalSection(SolutionProperties) = preSolution
		HideSolutionNode = FALSE
	EndGlobalSection
	GlobalSection(ExtensibilityGlobals) = postSolution
		SolutionGuid = {77D2A909-4CF2-4549-BF7B-2D53825539BF}
	EndGlobalSection
EndGlobal
